// !$*UTF8*$!
{
	archiveVersion = 1;
	classes = {
	};
	objectVersion = 45;
	objects = {

/* Begin PBXBuildFile section */
		1919B111114D2ED200B9CBCE /* AboutDetailViewController2.m in Sources */ = {isa = PBXBuildFile; fileRef = 1919B10F114D2ED200B9CBCE /* AboutDetailViewController2.m */; };
		1919B112114D2ED200B9CBCE /* AboutDetailViewController2.xib in Resources */ = {isa = PBXBuildFile; fileRef = 1919B110114D2ED200B9CBCE /* AboutDetailViewController2.xib */; };
		1919B122114D375C00B9CBCE /* AboutDetailView2Cell.xib in Resources */ = {isa = PBXBuildFile; fileRef = 1919B121114D375C00B9CBCE /* AboutDetailView2Cell.xib */; };
		19328068118C35C8009D3864 /* NearbyDetailInfoViewController.m in Sources */ = {isa = PBXBuildFile; fileRef = 19328066118C35C8009D3864 /* NearbyDetailInfoViewController.m */; };
		19328069118C35C8009D3864 /* NearbyDetailInfoViewController.xib in Resources */ = {isa = PBXBuildFile; fileRef = 19328067118C35C8009D3864 /* NearbyDetailInfoViewController.xib */; };
		19A399121170F4BF00046690 /* ABO.png in Resources */ = {isa = PBXBuildFile; fileRef = 19A3990F1170F4BF00046690 /* ABO.png */; };
		19A399131170F4BF00046690 /* MAp.png in Resources */ = {isa = PBXBuildFile; fileRef = 19A399101170F4BF00046690 /* MAp.png */; };
		19A399141170F4BF00046690 /* Near.png in Resources */ = {isa = PBXBuildFile; fileRef = 19A399111170F4BF00046690 /* Near.png */; };
		19AF03B911415CA500E1B33F /* NearbyDetailViewController.xib in Resources */ = {isa = PBXBuildFile; fileRef = 19AF03B811415CA500E1B33F /* NearbyDetailViewController.xib */; };
		19AF03F91141631500E1B33F /* AboutRootViewController.m in Sources */ = {isa = PBXBuildFile; fileRef = 19AF03F71141631500E1B33F /* AboutRootViewController.m */; };
		19AF03FA1141631500E1B33F /* AboutRootViewController.xib in Resources */ = {isa = PBXBuildFile; fileRef = 19AF03F81141631500E1B33F /* AboutRootViewController.xib */; };
		19C3856B113B99AC00DA1CAD /* bank_db.txt in Resources */ = {isa = PBXBuildFile; fileRef = 19C38569113B99AC00DA1CAD /* bank_db.txt */; };
		19C385B9113BA2DB00DA1CAD /* DatabaseManager.m in Sources */ = {isa = PBXBuildFile; fileRef = 19C385B8113BA2DB00DA1CAD /* DatabaseManager.m */; };
		19C385C3113BA36400DA1CAD /* libsqlite3.0.dylib in Frameworks */ = {isa = PBXBuildFile; fileRef = 19C385C2113BA36400DA1CAD /* libsqlite3.0.dylib */; };
		19C8E762113B605F00D1CB48 /* MapKit.framework in Frameworks */ = {isa = PBXBuildFile; fileRef = 19C8E761113B605F00D1CB48 /* MapKit.framework */; };
		19C95CFB115118BA00F79556 /* kingkong.png in Resources */ = {isa = PBXBuildFile; fileRef = 19C95CF8115118BA00F79556 /* kingkong.png */; };
		19C95CFC115118BA00F79556 /* macmath22.png in Resources */ = {isa = PBXBuildFile; fileRef = 19C95CF9115118BA00F79556 /* macmath22.png */; };
		19C95CFD115118BA00F79556 /* saljjinnom.png in Resources */ = {isa = PBXBuildFile; fileRef = 19C95CFA115118BA00F79556 /* saljjinnom.png */; };
		19C95D5F115121A100F79556 /* MapRootViewController.m in Sources */ = {isa = PBXBuildFile; fileRef = 19C95D5D115121A100F79556 /* MapRootViewController.m */; };
		19CBDADB1142227E007E2432 /* ImageAnnotation.m in Sources */ = {isa = PBXBuildFile; fileRef = 19CBDADA1142227E007E2432 /* ImageAnnotation.m */; };
		19CBDAE61142241B007E2432 /* ImageAnnotationView.m in Sources */ = {isa = PBXBuildFile; fileRef = 19CBDAE51142241B007E2432 /* ImageAnnotationView.m */; };
		19D181F1113D37D700C8ADDC /* ATM_Info.m in Sources */ = {isa = PBXBuildFile; fileRef = 19D181F0113D37D700C8ADDC /* ATM_Info.m */; };
		19D182C7113D7A8B00C8ADDC /* SettingsController.xib in Resources */ = {isa = PBXBuildFile; fileRef = 19D182C6113D7A8B00C8ADDC /* SettingsController.xib */; };
		19D1C13B113FF3DA00BCCB39 /* Localizable.strings in Resources */ = {isa = PBXBuildFile; fileRef = 19D1C13A113FF3DA00BCCB39 /* Localizable.strings */; };
		19D7BE2E1170CA9200E3890C /* mypos.png in Resources */ = {isa = PBXBuildFile; fileRef = 19D7BE251170CA9200E3890C /* mypos.png */; };
		19D7BE981170DF3700E3890C /* Default.png in Resources */ = {isa = PBXBuildFile; fileRef = 19D7BE971170DF3700E3890C /* Default.png */; };
		19D8AD8B113A1214006D0872 /* NearbyRootController.m in Sources */ = {isa = PBXBuildFile; fileRef = 19D8AD89113A1214006D0872 /* NearbyRootController.m */; };
		19D8AD8C113A1214006D0872 /* NearbyRootController.xib in Resources */ = {isa = PBXBuildFile; fileRef = 19D8AD8A113A1214006D0872 /* NearbyRootController.xib */; };
		19D8ADA0113A13F0006D0872 /* CoreLocation.framework in Frameworks */ = {isa = PBXBuildFile; fileRef = 19D8AD9F113A13F0006D0872 /* CoreLocation.framework */; };
		19D8ADDA113A1B22006D0872 /* SettingsController.m in Sources */ = {isa = PBXBuildFile; fileRef = 19D8ADD8113A1B22006D0872 /* SettingsController.m */; };
		19D8AE41113A1DD6006D0872 /* NearbyTableViewCell.xib in Resources */ = {isa = PBXBuildFile; fileRef = 19D8AE40113A1DD6006D0872 /* NearbyTableViewCell.xib */; };
		19D9A7AE113EB2530004FFBE /* CellBG.png in Resources */ = {isa = PBXBuildFile; fileRef = 19D9A7A9113EB2530004FFBE /* CellBG.png */; };
		19D9A7EA113EC1170004FFBE /* ATMDB.sqlite in Resources */ = {isa = PBXBuildFile; fileRef = 19D9A7E9113EC1170004FFBE /* ATMDB.sqlite */; };
		19DC472A114935270024BA71 /* AboutDetailViewController3.m in Sources */ = {isa = PBXBuildFile; fileRef = 19DC4728114935270024BA71 /* AboutDetailViewController3.m */; };
		19DC472B114935270024BA71 /* AboutDetailViewController3.xib in Resources */ = {isa = PBXBuildFile; fileRef = 19DC4729114935270024BA71 /* AboutDetailViewController3.xib */; };
		19E246531170387A00D120AA /* MapRootViewController.xib in Resources */ = {isa = PBXBuildFile; fileRef = 19E246521170387A00D120AA /* MapRootViewController.xib */; };
		19E2471011706A4500D120AA /* 1_2.png in Resources */ = {isa = PBXBuildFile; fileRef = 19E2470011706A4500D120AA /* 1_2.png */; };
		19E2471211706A4500D120AA /* 2_2.png in Resources */ = {isa = PBXBuildFile; fileRef = 19E2470211706A4500D120AA /* 2_2.png */; };
		19E2471411706A4500D120AA /* 3_2.png in Resources */ = {isa = PBXBuildFile; fileRef = 19E2470411706A4500D120AA /* 3_2.png */; };
		19E2471611706A4500D120AA /* 4_2.png in Resources */ = {isa = PBXBuildFile; fileRef = 19E2470611706A4500D120AA /* 4_2.png */; };
		19E2471811706A4500D120AA /* 5_2.png in Resources */ = {isa = PBXBuildFile; fileRef = 19E2470811706A4500D120AA /* 5_2.png */; };
		19E2471A11706A4500D120AA /* 6_2.png in Resources */ = {isa = PBXBuildFile; fileRef = 19E2470A11706A4500D120AA /* 6_2.png */; };
		19E2471C11706A4500D120AA /* 7_2.png in Resources */ = {isa = PBXBuildFile; fileRef = 19E2470C11706A4500D120AA /* 7_2.png */; };
		19E2471E11706A4500D120AA /* 8_2.png in Resources */ = {isa = PBXBuildFile; fileRef = 19E2470E11706A4500D120AA /* 8_2.png */; };
		19E9BABE11749E060080AB5D /* Icon.png in Resources */ = {isa = PBXBuildFile; fileRef = 19E9BABD11749E060080AB5D /* Icon.png */; };
		19EF5D22113A8D46007C21DA /* Search.png in Resources */ = {isa = PBXBuildFile; fileRef = 19EF5D1D113A8D46007C21DA /* Search.png */; };
		19EF5D53113A9433007C21DA /* MainWindow.xib in Resources */ = {isa = PBXBuildFile; fileRef = 19EF5D52113A9433007C21DA /* MainWindow.xib */; };
		19EF5D87113A9F65007C21DA /* LocationManager.m in Sources */ = {isa = PBXBuildFile; fileRef = 19EF5D86113A9F65007C21DA /* LocationManager.m */; };
		19F60C1C1147EBA6008AC9AD /* likus_logo.png in Resources */ = {isa = PBXBuildFile; fileRef = 19F60C1B1147EBA6008AC9AD /* likus_logo.png */; };
		19F60C581147F43E008AC9AD /* AboutDetailViewController.m in Sources */ = {isa = PBXBuildFile; fileRef = 19F60C561147F43E008AC9AD /* AboutDetailViewController.m */; };
		19F60C591147F43E008AC9AD /* AboutDetailViewController.xib in Resources */ = {isa = PBXBuildFile; fileRef = 19F60C571147F43E008AC9AD /* AboutDetailViewController.xib */; };
		19F74ED711412FC90032D297 /* NearbyDetailViewController.m in Sources */ = {isa = PBXBuildFile; fileRef = 19F74ED511412FC90032D297 /* NearbyDetailViewController.m */; };
		19FBFC52114379D10045DCDD /* SearchViewController.m in Sources */ = {isa = PBXBuildFile; fileRef = 19FBFC50114379D10045DCDD /* SearchViewController.m */; };
		19FBFC53114379D10045DCDD /* SearchViewController.xib in Resources */ = {isa = PBXBuildFile; fileRef = 19FBFC51114379D10045DCDD /* SearchViewController.xib */; };
		1D3623260D0F684500981E51 /* ATM_KoreaAppDelegate.m in Sources */ = {isa = PBXBuildFile; fileRef = 1D3623250D0F684500981E51 /* ATM_KoreaAppDelegate.m */; };
		1D60589B0D05DD56006BFB54 /* main.m in Sources */ = {isa = PBXBuildFile; fileRef = 29B97316FDCFA39411CA2CEA /* main.m */; };
		1D60589F0D05DD5A006BFB54 /* Foundation.framework in Frameworks */ = {isa = PBXBuildFile; fileRef = 1D30AB110D05D00D00671497 /* Foundation.framework */; };
		1DF5F4E00D08C38300B7A737 /* UIKit.framework in Frameworks */ = {isa = PBXBuildFile; fileRef = 1DF5F4DF0D08C38300B7A737 /* UIKit.framework */; };
		288765FD0DF74451002DB57D /* CoreGraphics.framework in Frameworks */ = {isa = PBXBuildFile; fileRef = 288765FC0DF74451002DB57D /* CoreGraphics.framework */; };
/* End PBXBuildFile section */

/* Begin PBXFileReference section */
		1919B10E114D2ED200B9CBCE /* AboutDetailViewController2.h */ = {isa = PBXFileReference; fileEncoding = 4; lastKnownFileType = sourcecode.c.h; path = AboutDetailViewController2.h; sourceTree = "<group>"; };
		1919B10F114D2ED200B9CBCE /* AboutDetailViewController2.m */ = {isa = PBXFileReference; fileEncoding = 4; lastKnownFileType = sourcecode.c.objc; path = AboutDetailViewController2.m; sourceTree = "<group>"; };
		1919B110114D2ED200B9CBCE /* AboutDetailViewController2.xib */ = {isa = PBXFileReference; lastKnownFileType = file.xib; name = AboutDetailViewController2.xib; path = Classes/AboutDetailViewController2.xib; sourceTree = "<group>"; };
		1919B121114D375C00B9CBCE /* AboutDetailView2Cell.xib */ = {isa = PBXFileReference; lastKnownFileType = file.xib; path = AboutDetailView2Cell.xib; sourceTree = "<group>"; };
		19328065118C35C8009D3864 /* NearbyDetailInfoViewController.h */ = {isa = PBXFileReference; fileEncoding = 4; lastKnownFileType = sourcecode.c.h; path = NearbyDetailInfoViewController.h; sourceTree = "<group>"; };
		19328066118C35C8009D3864 /* NearbyDetailInfoViewController.m */ = {isa = PBXFileReference; fileEncoding = 4; lastKnownFileType = sourcecode.c.objc; path = NearbyDetailInfoViewController.m; sourceTree = "<group>"; };
		19328067118C35C8009D3864 /* NearbyDetailInfoViewController.xib */ = {isa = PBXFileReference; lastKnownFileType = file.xib; name = NearbyDetailInfoViewController.xib; path = Classes/NearbyDetailInfoViewController.xib; sourceTree = "<group>"; };
		19A3990F1170F4BF00046690 /* ABO.png */ = {isa = PBXFileReference; lastKnownFileType = image.png; path = ABO.png; sourceTree = "<group>"; };
		19A399101170F4BF00046690 /* MAp.png */ = {isa = PBXFileReference; lastKnownFileType = image.png; path = MAp.png; sourceTree = "<group>"; };
		19A399111170F4BF00046690 /* Near.png */ = {isa = PBXFileReference; lastKnownFileType = image.png; path = Near.png; sourceTree = "<group>"; };
		19AF03BA11415CAA00E1B33F /* ko */ = {isa = PBXFileReference; lastKnownFileType = file.xib; name = ko; path = Classes/ko.lproj/NearbyDetailViewController.xib; sourceTree = "<group>"; };
		19AF03F61141631500E1B33F /* AboutRootViewController.h */ = {isa = PBXFileReference; fileEncoding = 4; lastKnownFileType = sourcecode.c.h; path = AboutRootViewController.h; sourceTree = "<group>"; };
		19AF03F71141631500E1B33F /* AboutRootViewController.m */ = {isa = PBXFileReference; fileEncoding = 4; lastKnownFileType = sourcecode.c.objc; path = AboutRootViewController.m; sourceTree = "<group>"; };
		19AF03F81141631500E1B33F /* AboutRootViewController.xib */ = {isa = PBXFileReference; lastKnownFileType = file.xib; name = AboutRootViewController.xib; path = Classes/AboutRootViewController.xib; sourceTree = "<group>"; };
		19C38569113B99AC00DA1CAD /* bank_db.txt */ = {isa = PBXFileReference; fileEncoding = 4; lastKnownFileType = text; path = bank_db.txt; sourceTree = "<group>"; };
		19C385B7113BA2DB00DA1CAD /* DatabaseManager.h */ = {isa = PBXFileReference; fileEncoding = 4; lastKnownFileType = sourcecode.c.h; path = DatabaseManager.h; sourceTree = "<group>"; };
		19C385B8113BA2DB00DA1CAD /* DatabaseManager.m */ = {isa = PBXFileReference; fileEncoding = 4; lastKnownFileType = sourcecode.c.objc; path = DatabaseManager.m; sourceTree = "<group>"; };
		19C385C2113BA36400DA1CAD /* libsqlite3.0.dylib */ = {isa = PBXFileReference; lastKnownFileType = "compiled.mach-o.dylib"; name = libsqlite3.0.dylib; path = usr/lib/libsqlite3.0.dylib; sourceTree = SDKROOT; };
		19C8E761113B605F00D1CB48 /* MapKit.framework */ = {isa = PBXFileReference; lastKnownFileType = wrapper.framework; name = MapKit.framework; path = System/Library/Frameworks/MapKit.framework; sourceTree = SDKROOT; };
		19C95CF8115118BA00F79556 /* kingkong.png */ = {isa = PBXFileReference; lastKnownFileType = image.png; path = kingkong.png; sourceTree = "<group>"; };
		19C95CF9115118BA00F79556 /* macmath22.png */ = {isa = PBXFileReference; lastKnownFileType = image.png; path = macmath22.png; sourceTree = "<group>"; };
		19C95CFA115118BA00F79556 /* saljjinnom.png */ = {isa = PBXFileReference; lastKnownFileType = image.png; path = saljjinnom.png; sourceTree = "<group>"; };
		19C95D5C115121A100F79556 /* MapRootViewController.h */ = {isa = PBXFileReference; fileEncoding = 4; lastKnownFileType = sourcecode.c.h; path = MapRootViewController.h; sourceTree = "<group>"; };
		19C95D5D115121A100F79556 /* MapRootViewController.m */ = {isa = PBXFileReference; fileEncoding = 4; lastKnownFileType = sourcecode.c.objc; path = MapRootViewController.m; sourceTree = "<group>"; };
		19C95D5E115121A100F79556 /* English */ = {isa = PBXFileReference; lastKnownFileType = file.xib; name = English; path = Classes/English.lproj/MapRootViewController.xib; sourceTree = "<group>"; };
		19CBDAD91142227E007E2432 /* ImageAnnotation.h */ = {isa = PBXFileReference; fileEncoding = 4; lastKnownFileType = sourcecode.c.h; path = ImageAnnotation.h; sourceTree = "<group>"; };
		19CBDADA1142227E007E2432 /* ImageAnnotation.m */ = {isa = PBXFileReference; fileEncoding = 4; lastKnownFileType = sourcecode.c.objc; path = ImageAnnotation.m; sourceTree = "<group>"; };
		19CBDAE41142241B007E2432 /* ImageAnnotationView.h */ = {isa = PBXFileReference; fileEncoding = 4; lastKnownFileType = sourcecode.c.h; path = ImageAnnotationView.h; sourceTree = "<group>"; };
		19CBDAE51142241B007E2432 /* ImageAnnotationView.m */ = {isa = PBXFileReference; fileEncoding = 4; lastKnownFileType = sourcecode.c.objc; path = ImageAnnotationView.m; sourceTree = "<group>"; };
		19D181EF113D37D700C8ADDC /* ATM_Info.h */ = {isa = PBXFileReference; fileEncoding = 4; lastKnownFileType = sourcecode.c.h; path = ATM_Info.h; sourceTree = "<group>"; };
		19D181F0113D37D700C8ADDC /* ATM_Info.m */ = {isa = PBXFileReference; fileEncoding = 4; lastKnownFileType = sourcecode.c.objc; path = ATM_Info.m; sourceTree = "<group>"; };
		19D182C8113D7A9200C8ADDC /* ko */ = {isa = PBXFileReference; lastKnownFileType = file.xib; name = ko; path = ko.lproj/SettingsController.xib; sourceTree = "<group>"; };
		19D1C138113FF3CC00BCCB39 /* English */ = {isa = PBXFileReference; fileEncoding = 10; lastKnownFileType = text.plist.strings; name = English; path = English.lproj/Localizable.strings; sourceTree = "<group>"; };
		19D1C13C113FF3DF00BCCB39 /* ko */ = {isa = PBXFileReference; lastKnownFileType = text.plist.strings; name = ko; path = ko.lproj/Localizable.strings; sourceTree = "<group>"; };
		19D7BE251170CA9200E3890C /* mypos.png */ = {isa = PBXFileReference; lastKnownFileType = image.png; path = mypos.png; sourceTree = "<group>"; };
		19D7BE971170DF3700E3890C /* Default.png */ = {isa = PBXFileReference; lastKnownFileType = image.png; path = Default.png; sourceTree = "<group>"; };
		19D8AD88113A1214006D0872 /* NearbyRootController.h */ = {isa = PBXFileReference; fileEncoding = 4; lastKnownFileType = sourcecode.c.h; path = NearbyRootController.h; sourceTree = "<group>"; };
		19D8AD89113A1214006D0872 /* NearbyRootController.m */ = {isa = PBXFileReference; fileEncoding = 4; lastKnownFileType = sourcecode.c.objc; path = NearbyRootController.m; sourceTree = "<group>"; };
		19D8AD8A113A1214006D0872 /* NearbyRootController.xib */ = {isa = PBXFileReference; lastKnownFileType = file.xib; name = NearbyRootController.xib; path = Classes/NearbyRootController.xib; sourceTree = "<group>"; };
		19D8AD9F113A13F0006D0872 /* CoreLocation.framework */ = {isa = PBXFileReference; lastKnownFileType = wrapper.framework; name = CoreLocation.framework; path = System/Library/Frameworks/CoreLocation.framework; sourceTree = SDKROOT; };
		19D8ADBA113A1531006D0872 /* AppConstant.h */ = {isa = PBXFileReference; fileEncoding = 4; lastKnownFileType = sourcecode.c.h; path = AppConstant.h; sourceTree = "<group>"; };
		19D8ADD7113A1B22006D0872 /* SettingsController.h */ = {isa = PBXFileReference; fileEncoding = 4; lastKnownFileType = sourcecode.c.h; path = SettingsController.h; sourceTree = "<group>"; };
		19D8ADD8113A1B22006D0872 /* SettingsController.m */ = {isa = PBXFileReference; fileEncoding = 4; lastKnownFileType = sourcecode.c.objc; path = SettingsController.m; sourceTree = "<group>"; };
		19D8AE40113A1DD6006D0872 /* NearbyTableViewCell.xib */ = {isa = PBXFileReference; lastKnownFileType = file.xib; path = NearbyTableViewCell.xib; sourceTree = "<group>"; };
		19D8AF4B113A33EB006D0872 /* English */ = {isa = PBXFileReference; lastKnownFileType = file.xib; name = English; path = English.lproj/SettingsController.xib; sourceTree = "<group>"; };
		19D9A7A9113EB2530004FFBE /* CellBG.png */ = {isa = PBXFileReference; lastKnownFileType = image.png; path = CellBG.png; sourceTree = "<group>"; };
		19D9A7E9113EC1170004FFBE /* ATMDB.sqlite */ = {isa = PBXFileReference; lastKnownFileType = file; path = ATMDB.sqlite; sourceTree = "<group>"; };
		19DC4727114935270024BA71 /* AboutDetailViewController3.h */ = {isa = PBXFileReference; fileEncoding = 4; lastKnownFileType = sourcecode.c.h; path = AboutDetailViewController3.h; sourceTree = "<group>"; };
		19DC4728114935270024BA71 /* AboutDetailViewController3.m */ = {isa = PBXFileReference; fileEncoding = 4; lastKnownFileType = sourcecode.c.objc; path = AboutDetailViewController3.m; sourceTree = "<group>"; };
		19DC4729114935270024BA71 /* AboutDetailViewController3.xib */ = {isa = PBXFileReference; lastKnownFileType = file.xib; name = AboutDetailViewController3.xib; path = Classes/AboutDetailViewController3.xib; sourceTree = "<group>"; };
		19E246541170389B00D120AA /* ko */ = {isa = PBXFileReference; lastKnownFileType = file.xib; name = ko; path = Classes/ko.lproj/MapRootViewController.xib; sourceTree = "<group>"; };
		19E2470011706A4500D120AA /* 1_2.png */ = {isa = PBXFileReference; lastKnownFileType = image.png; path = 1_2.png; sourceTree = "<group>"; };
		19E2470211706A4500D120AA /* 2_2.png */ = {isa = PBXFileReference; lastKnownFileType = image.png; path = 2_2.png; sourceTree = "<group>"; };
		19E2470411706A4500D120AA /* 3_2.png */ = {isa = PBXFileReference; lastKnownFileType = image.png; path = 3_2.png; sourceTree = "<group>"; };
		19E2470611706A4500D120AA /* 4_2.png */ = {isa = PBXFileReference; lastKnownFileType = image.png; path = 4_2.png; sourceTree = "<group>"; };
		19E2470811706A4500D120AA /* 5_2.png */ = {isa = PBXFileReference; lastKnownFileType = image.png; path = 5_2.png; sourceTree = "<group>"; };
		19E2470A11706A4500D120AA /* 6_2.png */ = {isa = PBXFileReference; lastKnownFileType = image.png; path = 6_2.png; sourceTree = "<group>"; };
		19E2470C11706A4500D120AA /* 7_2.png */ = {isa = PBXFileReference; lastKnownFileType = image.png; path = 7_2.png; sourceTree = "<group>"; };
		19E2470E11706A4500D120AA /* 8_2.png */ = {isa = PBXFileReference; lastKnownFileType = image.png; path = 8_2.png; sourceTree = "<group>"; };
		19E9BABD11749E060080AB5D /* Icon.png */ = {isa = PBXFileReference; lastKnownFileType = image.png; path = Icon.png; sourceTree = "<group>"; };
		19EF5D1D113A8D46007C21DA /* Search.png */ = {isa = PBXFileReference; lastKnownFileType = image.png; path = Search.png; sourceTree = "<group>"; };
		19EF5D69113A955E007C21DA /* ko */ = {isa = PBXFileReference; lastKnownFileType = file.xib; name = ko; path = ko.lproj/MainWindow.xib; sourceTree = "<group>"; };
		19EF5D85113A9F65007C21DA /* LocationManager.h */ = {isa = PBXFileReference; fileEncoding = 4; lastKnownFileType = sourcecode.c.h; path = LocationManager.h; sourceTree = "<group>"; };
		19EF5D86113A9F65007C21DA /* LocationManager.m */ = {isa = PBXFileReference; fileEncoding = 4; lastKnownFileType = sourcecode.c.objc; path = LocationManager.m; sourceTree = "<group>"; };
		19F60C1B1147EBA6008AC9AD /* likus_logo.png */ = {isa = PBXFileReference; lastKnownFileType = image.png; path = likus_logo.png; sourceTree = "<group>"; };
		19F60C551147F43E008AC9AD /* AboutDetailViewController.h */ = {isa = PBXFileReference; fileEncoding = 4; lastKnownFileType = sourcecode.c.h; path = AboutDetailViewController.h; sourceTree = "<group>"; };
		19F60C561147F43E008AC9AD /* AboutDetailViewController.m */ = {isa = PBXFileReference; fileEncoding = 4; lastKnownFileType = sourcecode.c.objc; path = AboutDetailViewController.m; sourceTree = "<group>"; };
		19F60C571147F43E008AC9AD /* AboutDetailViewController.xib */ = {isa = PBXFileReference; lastKnownFileType = file.xib; name = AboutDetailViewController.xib; path = Classes/AboutDetailViewController.xib; sourceTree = "<group>"; };
		19F74ED411412FC90032D297 /* NearbyDetailViewController.h */ = {isa = PBXFileReference; fileEncoding = 4; lastKnownFileType = sourcecode.c.h; path = NearbyDetailViewController.h; sourceTree = "<group>"; };
		19F74ED511412FC90032D297 /* NearbyDetailViewController.m */ = {isa = PBXFileReference; fileEncoding = 4; lastKnownFileType = sourcecode.c.objc; path = NearbyDetailViewController.m; sourceTree = "<group>"; };
		19F74ED611412FC90032D297 /* English */ = {isa = PBXFileReference; lastKnownFileType = file.xib; name = English; path = Classes/English.lproj/NearbyDetailViewController.xib; sourceTree = "<group>"; };
		19FBFC4F114379D10045DCDD /* SearchViewController.h */ = {isa = PBXFileReference; fileEncoding = 4; lastKnownFileType = sourcecode.c.h; path = SearchViewController.h; sourceTree = "<group>"; };
		19FBFC50114379D10045DCDD /* SearchViewController.m */ = {isa = PBXFileReference; fileEncoding = 4; lastKnownFileType = sourcecode.c.objc; path = SearchViewController.m; sourceTree = "<group>"; };
		19FBFC51114379D10045DCDD /* SearchViewController.xib */ = {isa = PBXFileReference; lastKnownFileType = file.xib; name = SearchViewController.xib; path = Classes/SearchViewController.xib; sourceTree = "<group>"; };
		1D30AB110D05D00D00671497 /* Foundation.framework */ = {isa = PBXFileReference; lastKnownFileType = wrapper.framework; name = Foundation.framework; path = System/Library/Frameworks/Foundation.framework; sourceTree = SDKROOT; };
		1D3623240D0F684500981E51 /* ATM_KoreaAppDelegate.h */ = {isa = PBXFileReference; fileEncoding = 4; lastKnownFileType = sourcecode.c.h; path = ATM_KoreaAppDelegate.h; sourceTree = "<group>"; };
		1D3623250D0F684500981E51 /* ATM_KoreaAppDelegate.m */ = {isa = PBXFileReference; fileEncoding = 4; lastKnownFileType = sourcecode.c.objc; path = ATM_KoreaAppDelegate.m; sourceTree = "<group>"; };
		1D6058910D05DD3D006BFB54 /* ATM Korea.app */ = {isa = PBXFileReference; explicitFileType = wrapper.application; includeInIndex = 0; path = "ATM Korea.app"; sourceTree = BUILT_PRODUCTS_DIR; };
		1DF5F4DF0D08C38300B7A737 /* UIKit.framework */ = {isa = PBXFileReference; lastKnownFileType = wrapper.framework; name = UIKit.framework; path = System/Library/Frameworks/UIKit.framework; sourceTree = SDKROOT; };
		288765FC0DF74451002DB57D /* CoreGraphics.framework */ = {isa = PBXFileReference; lastKnownFileType = wrapper.framework; name = CoreGraphics.framework; path = System/Library/Frameworks/CoreGraphics.framework; sourceTree = SDKROOT; };
		28AD733E0D9D9553002E5188 /* English */ = {isa = PBXFileReference; lastKnownFileType = file.xib; name = English; path = English.lproj/MainWindow.xib; sourceTree = "<group>"; };
		29B97316FDCFA39411CA2CEA /* main.m */ = {isa = PBXFileReference; fileEncoding = 4; lastKnownFileType = sourcecode.c.objc; path = main.m; sourceTree = "<group>"; };
		32CA4F630368D1EE00C91783 /* ATM_Korea_Prefix.pch */ = {isa = PBXFileReference; fileEncoding = 4; lastKnownFileType = sourcecode.c.h; path = ATM_Korea_Prefix.pch; sourceTree = "<group>"; };
		8D1107310486CEB800E47090 /* ATM_Korea-Info.plist */ = {isa = PBXFileReference; fileEncoding = 4; lastKnownFileType = text.plist.xml; path = "ATM_Korea-Info.plist"; plistStructureDefinitionIdentifier = "com.apple.xcode.plist.structure-definition.iphone.info-plist"; sourceTree = "<group>"; };
/* End PBXFileReference section */

/* Begin PBXFrameworksBuildPhase section */
		1D60588F0D05DD3D006BFB54 /* Frameworks */ = {
			isa = PBXFrameworksBuildPhase;
			buildActionMask = 2147483647;
			files = (
				1D60589F0D05DD5A006BFB54 /* Foundation.framework in Frameworks */,
				1DF5F4E00D08C38300B7A737 /* UIKit.framework in Frameworks */,
				288765FD0DF74451002DB57D /* CoreGraphics.framework in Frameworks */,
				19D8ADA0113A13F0006D0872 /* CoreLocation.framework in Frameworks */,
				19C8E762113B605F00D1CB48 /* MapKit.framework in Frameworks */,
				19C385C3113BA36400DA1CAD /* libsqlite3.0.dylib in Frameworks */,
			);
			runOnlyForDeploymentPostprocessing = 0;
		};
/* End PBXFrameworksBuildPhase section */

/* Begin PBXGroup section */
		080E96DDFE201D6D7F000001 /* Classes */ = {
			isa = PBXGroup;
			children = (
				19CBDAD711422263007E2432 /* map display */,
				19D181F3113D37DA00C8ADDC /* data structure */,
				19C385B6113BA2A800DA1CAD /* data managing */,
				19C385B5113BA28600DA1CAD /* controllers */,
				19D8ADBA113A1531006D0872 /* AppConstant.h */,
				1D3623240D0F684500981E51 /* ATM_KoreaAppDelegate.h */,
				1D3623250D0F684500981E51 /* ATM_KoreaAppDelegate.m */,
			);
			path = Classes;
			sourceTree = "<group>";
		};
		19C28FACFE9D520D11CA2CBB /* Products */ = {
			isa = PBXGroup;
			children = (
				1D6058910D05DD3D006BFB54 /* ATM Korea.app */,
			);
			name = Products;
			sourceTree = "<group>";
		};
		19C38565113B999100DA1CAD /* database */ = {
			isa = PBXGroup;
			children = (
				19D9A7E9113EC1170004FFBE /* ATMDB.sqlite */,
				19C38569113B99AC00DA1CAD /* bank_db.txt */,
			);
			name = database;
			sourceTree = "<group>";
		};
		19C385B5113BA28600DA1CAD /* controllers */ = {
			isa = PBXGroup;
			children = (
				19D8AD88113A1214006D0872 /* NearbyRootController.h */,
				19D8AD89113A1214006D0872 /* NearbyRootController.m */,
				19F74ED411412FC90032D297 /* NearbyDetailViewController.h */,
				19F74ED511412FC90032D297 /* NearbyDetailViewController.m */,
				19328065118C35C8009D3864 /* NearbyDetailInfoViewController.h */,
				19328066118C35C8009D3864 /* NearbyDetailInfoViewController.m */,
				19D8ADD7113A1B22006D0872 /* SettingsController.h */,
				19D8ADD8113A1B22006D0872 /* SettingsController.m */,
				19AF03F61141631500E1B33F /* AboutRootViewController.h */,
				19AF03F71141631500E1B33F /* AboutRootViewController.m */,
				19F60C551147F43E008AC9AD /* AboutDetailViewController.h */,
				19F60C561147F43E008AC9AD /* AboutDetailViewController.m */,
				1919B10E114D2ED200B9CBCE /* AboutDetailViewController2.h */,
				1919B10F114D2ED200B9CBCE /* AboutDetailViewController2.m */,
				19DC4727114935270024BA71 /* AboutDetailViewController3.h */,
				19DC4728114935270024BA71 /* AboutDetailViewController3.m */,
				19FBFC4F114379D10045DCDD /* SearchViewController.h */,
				19FBFC50114379D10045DCDD /* SearchViewController.m */,
				19C95D5C115121A100F79556 /* MapRootViewController.h */,
				19C95D5D115121A100F79556 /* MapRootViewController.m */,
			);
			name = controllers;
			sourceTree = "<group>";
		};
		19C385B6113BA2A800DA1CAD /* data managing */ = {
			isa = PBXGroup;
			children = (
				19EF5D85113A9F65007C21DA /* LocationManager.h */,
				19EF5D86113A9F65007C21DA /* LocationManager.m */,
				19C385B7113BA2DB00DA1CAD /* DatabaseManager.h */,
				19C385B8113BA2DB00DA1CAD /* DatabaseManager.m */,
			);
			name = "data managing";
			sourceTree = "<group>";
		};
		19CBDAD711422263007E2432 /* map display */ = {
			isa = PBXGroup;
			children = (
				19CBDAD91142227E007E2432 /* ImageAnnotation.h */,
				19CBDADA1142227E007E2432 /* ImageAnnotation.m */,
				19CBDAE41142241B007E2432 /* ImageAnnotationView.h */,
				19CBDAE51142241B007E2432 /* ImageAnnotationView.m */,
			);
			name = "map display";
			sourceTree = "<group>";
		};
		19D181F3113D37DA00C8ADDC /* data structure */ = {
			isa = PBXGroup;
			children = (
				19D181EF113D37D700C8ADDC /* ATM_Info.h */,
				19D181F0113D37D700C8ADDC /* ATM_Info.m */,
			);
			name = "data structure";
			sourceTree = "<group>";
		};
		19D8AD8D113A1232006D0872 /* xibs */ = {
			isa = PBXGroup;
			children = (
				19328067118C35C8009D3864 /* NearbyDetailInfoViewController.xib */,
				19AF03F81141631500E1B33F /* AboutRootViewController.xib */,
				19F60C571147F43E008AC9AD /* AboutDetailViewController.xib */,
				1919B110114D2ED200B9CBCE /* AboutDetailViewController2.xib */,
				1919B121114D375C00B9CBCE /* AboutDetailView2Cell.xib */,
				19DC4729114935270024BA71 /* AboutDetailViewController3.xib */,
				19FBFC51114379D10045DCDD /* SearchViewController.xib */,
				19E246521170387A00D120AA /* MapRootViewController.xib */,
				19D8AE40113A1DD6006D0872 /* NearbyTableViewCell.xib */,
				19AF03B811415CA500E1B33F /* NearbyDetailViewController.xib */,
				19EF5D52113A9433007C21DA /* MainWindow.xib */,
				19D182C6113D7A8B00C8ADDC /* SettingsController.xib */,
				19D8AD8A113A1214006D0872 /* NearbyRootController.xib */,
			);
			name = xibs;
			sourceTree = "<group>";
		};
		19D8ADBF113A18A6006D0872 /* localized strings */ = {
			isa = PBXGroup;
			children = (
				19D1C13A113FF3DA00BCCB39 /* Localizable.strings */,
			);
			name = "localized strings";
			sourceTree = "<group>";
		};
		19D8AE42113A1DED006D0872 /* image */ = {
			isa = PBXGroup;
			children = (
				19A3990F1170F4BF00046690 /* ABO.png */,
				19A399101170F4BF00046690 /* MAp.png */,
				19A399111170F4BF00046690 /* Near.png */,
				19E9BABD11749E060080AB5D /* Icon.png */,
				19D7BE251170CA9200E3890C /* mypos.png */,
				19E2470011706A4500D120AA /* 1_2.png */,
				19E2470211706A4500D120AA /* 2_2.png */,
				19E2470411706A4500D120AA /* 3_2.png */,
				19E2470611706A4500D120AA /* 4_2.png */,
				19E2470811706A4500D120AA /* 5_2.png */,
				19E2470A11706A4500D120AA /* 6_2.png */,
				19E2470C11706A4500D120AA /* 7_2.png */,
				19E2470E11706A4500D120AA /* 8_2.png */,
				19C95CF8115118BA00F79556 /* kingkong.png */,
				19C95CF9115118BA00F79556 /* macmath22.png */,
				19C95CFA115118BA00F79556 /* saljjinnom.png */,
				19F60C1B1147EBA6008AC9AD /* likus_logo.png */,
				19D9A7A9113EB2530004FFBE /* CellBG.png */,
				19D7BE971170DF3700E3890C /* Default.png */,
				19EF5D1D113A8D46007C21DA /* Search.png */,
			);
			name = image;
			sourceTree = "<group>";
		};
		29B97314FDCFA39411CA2CEA /* CustomTemplate */ = {
			isa = PBXGroup;
			children = (
				080E96DDFE201D6D7F000001 /* Classes */,
				29B97315FDCFA39411CA2CEA /* Other Sources */,
				29B97317FDCFA39411CA2CEA /* Resources */,
				29B97323FDCFA39411CA2CEA /* Frameworks */,
				19C28FACFE9D520D11CA2CBB /* Products */,
			);
			name = CustomTemplate;
			sourceTree = "<group>";
		};
		29B97315FDCFA39411CA2CEA /* Other Sources */ = {
			isa = PBXGroup;
			children = (
				32CA4F630368D1EE00C91783 /* ATM_Korea_Prefix.pch */,
				29B97316FDCFA39411CA2CEA /* main.m */,
			);
			name = "Other Sources";
			sourceTree = "<group>";
		};
		29B97317FDCFA39411CA2CEA /* Resources */ = {
			isa = PBXGroup;
			children = (
				19C38565113B999100DA1CAD /* database */,
				19D8AE42113A1DED006D0872 /* image */,
				19D8ADBF113A18A6006D0872 /* localized strings */,
				19D8AD8D113A1232006D0872 /* xibs */,
				8D1107310486CEB800E47090 /* ATM_Korea-Info.plist */,
			);
			name = Resources;
			sourceTree = "<group>";
		};
		29B97323FDCFA39411CA2CEA /* Frameworks */ = {
			isa = PBXGroup;
			children = (
				19C385C2113BA36400DA1CAD /* libsqlite3.0.dylib */,
				19C8E761113B605F00D1CB48 /* MapKit.framework */,
				19D8AD9F113A13F0006D0872 /* CoreLocation.framework */,
				1DF5F4DF0D08C38300B7A737 /* UIKit.framework */,
				1D30AB110D05D00D00671497 /* Foundation.framework */,
				288765FC0DF74451002DB57D /* CoreGraphics.framework */,
			);
			name = Frameworks;
			sourceTree = "<group>";
		};
/* End PBXGroup section */

/* Begin PBXNativeTarget section */
		1D6058900D05DD3D006BFB54 /* ATM Korea */ = {
			isa = PBXNativeTarget;
			buildConfigurationList = 1D6058960D05DD3E006BFB54 /* Build configuration list for PBXNativeTarget "ATM Korea" */;
			buildPhases = (
				1D60588D0D05DD3D006BFB54 /* Resources */,
				1D60588E0D05DD3D006BFB54 /* Sources */,
				1D60588F0D05DD3D006BFB54 /* Frameworks */,
			);
			buildRules = (
			);
			dependencies = (
			);
			name = "ATM Korea";
			productName = "ATM Korea";
			productReference = 1D6058910D05DD3D006BFB54 /* ATM Korea.app */;
			productType = "com.apple.product-type.application";
		};
/* End PBXNativeTarget section */

/* Begin PBXProject section */
		29B97313FDCFA39411CA2CEA /* Project object */ = {
			isa = PBXProject;
			buildConfigurationList = C01FCF4E08A954540054247B /* Build configuration list for PBXProject "ATM Korea" */;
			compatibilityVersion = "Xcode 3.1";
			hasScannedForEncodings = 1;
			knownRegions = (
				English,
				Japanese,
				French,
				German,
				ko,
			);
			mainGroup = 29B97314FDCFA39411CA2CEA /* CustomTemplate */;
			projectDirPath = "";
			projectRoot = "";
			targets = (
				1D6058900D05DD3D006BFB54 /* ATM Korea */,
			);
		};
/* End PBXProject section */

/* Begin PBXResourcesBuildPhase section */
		1D60588D0D05DD3D006BFB54 /* Resources */ = {
			isa = PBXResourcesBuildPhase;
			buildActionMask = 2147483647;
			files = (
				19EF5D53113A9433007C21DA /* MainWindow.xib in Resources */,
				19D8AD8C113A1214006D0872 /* NearbyRootController.xib in Resources */,
				19D8AE41113A1DD6006D0872 /* NearbyTableViewCell.xib in Resources */,
				19D182C7113D7A8B00C8ADDC /* SettingsController.xib in Resources */,
				19EF5D22113A8D46007C21DA /* Search.png in Resources */,
				19C3856B113B99AC00DA1CAD /* bank_db.txt in Resources */,
				19D9A7AE113EB2530004FFBE /* CellBG.png in Resources */,
				19D9A7EA113EC1170004FFBE /* ATMDB.sqlite in Resources */,
				19D1C13B113FF3DA00BCCB39 /* Localizable.strings in Resources */,
				19AF03B911415CA500E1B33F /* NearbyDetailViewController.xib in Resources */,
				19AF03FA1141631500E1B33F /* AboutRootViewController.xib in Resources */,
				19FBFC53114379D10045DCDD /* SearchViewController.xib in Resources */,
				19F60C1C1147EBA6008AC9AD /* likus_logo.png in Resources */,
				19F60C591147F43E008AC9AD /* AboutDetailViewController.xib in Resources */,
				19DC472B114935270024BA71 /* AboutDetailViewController3.xib in Resources */,
				1919B112114D2ED200B9CBCE /* AboutDetailViewController2.xib in Resources */,
				1919B122114D375C00B9CBCE /* AboutDetailView2Cell.xib in Resources */,
				19C95CFB115118BA00F79556 /* kingkong.png in Resources */,
				19C95CFC115118BA00F79556 /* macmath22.png in Resources */,
				19C95CFD115118BA00F79556 /* saljjinnom.png in Resources */,
				19E246531170387A00D120AA /* MapRootViewController.xib in Resources */,
				19E2471011706A4500D120AA /* 1_2.png in Resources */,
				19E2471211706A4500D120AA /* 2_2.png in Resources */,
				19E2471411706A4500D120AA /* 3_2.png in Resources */,
				19E2471611706A4500D120AA /* 4_2.png in Resources */,
				19E2471811706A4500D120AA /* 5_2.png in Resources */,
				19E2471A11706A4500D120AA /* 6_2.png in Resources */,
				19E2471C11706A4500D120AA /* 7_2.png in Resources */,
				19E2471E11706A4500D120AA /* 8_2.png in Resources */,
				19D7BE2E1170CA9200E3890C /* mypos.png in Resources */,
				19D7BE981170DF3700E3890C /* Default.png in Resources */,
				19A399121170F4BF00046690 /* ABO.png in Resources */,
				19A399131170F4BF00046690 /* MAp.png in Resources */,
				19A399141170F4BF00046690 /* Near.png in Resources */,
				19E9BABE11749E060080AB5D /* Icon.png in Resources */,
				19328069118C35C8009D3864 /* NearbyDetailInfoViewController.xib in Resources */,
			);
			runOnlyForDeploymentPostprocessing = 0;
		};
/* End PBXResourcesBuildPhase section */

/* Begin PBXSourcesBuildPhase section */
		1D60588E0D05DD3D006BFB54 /* Sources */ = {
			isa = PBXSourcesBuildPhase;
			buildActionMask = 2147483647;
			files = (
				1D60589B0D05DD56006BFB54 /* main.m in Sources */,
				1D3623260D0F684500981E51 /* ATM_KoreaAppDelegate.m in Sources */,
				19D8AD8B113A1214006D0872 /* NearbyRootController.m in Sources */,
				19D8ADDA113A1B22006D0872 /* SettingsController.m in Sources */,
				19EF5D87113A9F65007C21DA /* LocationManager.m in Sources */,
				19C385B9113BA2DB00DA1CAD /* DatabaseManager.m in Sources */,
				19D181F1113D37D700C8ADDC /* ATM_Info.m in Sources */,
				19F74ED711412FC90032D297 /* NearbyDetailViewController.m in Sources */,
				19AF03F91141631500E1B33F /* AboutRootViewController.m in Sources */,
				19CBDADB1142227E007E2432 /* ImageAnnotation.m in Sources */,
				19CBDAE61142241B007E2432 /* ImageAnnotationView.m in Sources */,
				19FBFC52114379D10045DCDD /* SearchViewController.m in Sources */,
				19F60C581147F43E008AC9AD /* AboutDetailViewController.m in Sources */,
				19DC472A114935270024BA71 /* AboutDetailViewController3.m in Sources */,
				1919B111114D2ED200B9CBCE /* AboutDetailViewController2.m in Sources */,
				19C95D5F115121A100F79556 /* MapRootViewController.m in Sources */,
				19328068118C35C8009D3864 /* NearbyDetailInfoViewController.m in Sources */,
			);
			runOnlyForDeploymentPostprocessing = 0;
		};
/* End PBXSourcesBuildPhase section */

/* Begin PBXVariantGroup section */
		19AF03B811415CA500E1B33F /* NearbyDetailViewController.xib */ = {
			isa = PBXVariantGroup;
			children = (
				19F74ED611412FC90032D297 /* English */,
				19AF03BA11415CAA00E1B33F /* ko */,
			);
			name = NearbyDetailViewController.xib;
			sourceTree = "<group>";
		};
		19D182C6113D7A8B00C8ADDC /* SettingsController.xib */ = {
			isa = PBXVariantGroup;
			children = (
				19D8AF4B113A33EB006D0872 /* English */,
				19D182C8113D7A9200C8ADDC /* ko */,
			);
			name = SettingsController.xib;
			sourceTree = "<group>";
		};
		19D1C13A113FF3DA00BCCB39 /* Localizable.strings */ = {
			isa = PBXVariantGroup;
			children = (
				19D1C138113FF3CC00BCCB39 /* English */,
				19D1C13C113FF3DF00BCCB39 /* ko */,
			);
			name = Localizable.strings;
			sourceTree = "<group>";
		};
		19E246521170387A00D120AA /* MapRootViewController.xib */ = {
			isa = PBXVariantGroup;
			children = (
				19C95D5E115121A100F79556 /* English */,
				19E246541170389B00D120AA /* ko */,
			);
			name = MapRootViewController.xib;
			sourceTree = "<group>";
		};
		19EF5D52113A9433007C21DA /* MainWindow.xib */ = {
			isa = PBXVariantGroup;
			children = (
				28AD733E0D9D9553002E5188 /* English */,
				19EF5D69113A955E007C21DA /* ko */,
			);
			name = MainWindow.xib;
			sourceTree = "<group>";
		};
/* End PBXVariantGroup section */

/* Begin XCBuildConfiguration section */
		19DB746F117749B800211360 /* Distribution */ = {
			isa = XCBuildConfiguration;
			buildSettings = {
				ARCHS = "$(ARCHS_STANDARD_32_BIT)";
				CODE_SIGN_IDENTITY = "iPhone Distribution: YOUNG HYO BYUN";
				"CODE_SIGN_IDENTITY[sdk=iphoneos*]" = "iPhone Distribution: YOUNG HYO BYUN";
				GCC_C_LANGUAGE_STANDARD = c99;
				GCC_WARN_ABOUT_RETURN_TYPE = YES;
				GCC_WARN_UNUSED_VARIABLE = YES;
				IPHONEOS_DEPLOYMENT_TARGET = 3.0;
				MACOSX_DEPLOYMENT_TARGET = 10.6;
				PREBINDING = NO;
				PROVISIONING_PROFILE = "3DAEFB85-E124-49AF-8AE3-AAAE1C175890";
				"PROVISIONING_PROFILE[sdk=iphoneos*]" = "3DAEFB85-E124-49AF-8AE3-AAAE1C175890";
				SDKROOT = iphoneos3.1.3;
				TARGETED_DEVICE_FAMILY = 1;
			};
			name = Distribution;
		};
		19DB7470117749B800211360 /* Distribution */ = {
			isa = XCBuildConfiguration;
			buildSettings = {
				ALWAYS_SEARCH_USER_PATHS = NO;
				COPY_PHASE_STRIP = YES;
				GCC_PRECOMPILE_PREFIX_HEADER = YES;
				GCC_PREFIX_HEADER = ATM_Korea_Prefix.pch;
				INFOPLIST_FILE = "ATM_Korea-Info.plist";
				PRODUCT_NAME = "ATM Korea";
			};
			name = Distribution;
		};
		1D6058940D05DD3E006BFB54 /* Debug */ = {
			isa = XCBuildConfiguration;
			buildSettings = {
				ALWAYS_SEARCH_USER_PATHS = NO;
				COPY_PHASE_STRIP = NO;
				GCC_DYNAMIC_NO_PIC = NO;
				GCC_OPTIMIZATION_LEVEL = 0;
				GCC_PRECOMPILE_PREFIX_HEADER = YES;
				GCC_PREFIX_HEADER = ATM_Korea_Prefix.pch;
				INFOPLIST_FILE = "ATM_Korea-Info.plist";
				PRODUCT_NAME = "ATM Korea";
			};
			name = Debug;
		};
		1D6058950D05DD3E006BFB54 /* Release */ = {
			isa = XCBuildConfiguration;
			buildSettings = {
				ALWAYS_SEARCH_USER_PATHS = NO;
				COPY_PHASE_STRIP = YES;
				GCC_PRECOMPILE_PREFIX_HEADER = YES;
				GCC_PREFIX_HEADER = ATM_Korea_Prefix.pch;
				INFOPLIST_FILE = "ATM_Korea-Info.plist";
				PRODUCT_NAME = "ATM Korea";
			};
			name = Release;
		};
		C01FCF4F08A954540054247B /* Debug */ = {
			isa = XCBuildConfiguration;
			buildSettings = {
				ARCHS = "$(ARCHS_STANDARD_32_BIT)";
				"CODE_SIGN_IDENTITY[sdk=iphoneos*]" = "iPhone Developer";
				GCC_C_LANGUAGE_STANDARD = c99;
				GCC_WARN_ABOUT_RETURN_TYPE = YES;
				GCC_WARN_UNUSED_VARIABLE = YES;
				PREBINDING = NO;
				SDKROOT = iphoneos3.1.3;
			};
			name = Debug;
		};
		C01FCF5008A954540054247B /* Release */ = {
			isa = XCBuildConfiguration;
			buildSettings = {
				ARCHS = "$(ARCHS_STANDARD_32_BIT)";
				"CODE_SIGN_IDENTITY[sdk=iphoneos*]" = "iPhone Developer";
				GCC_C_LANGUAGE_STANDARD = c99;
				GCC_WARN_ABOUT_RETURN_TYPE = YES;
				GCC_WARN_UNUSED_VARIABLE = YES;
				PREBINDING = NO;
				SDKROOT = iphoneos3.1.3;
			};
			name = Release;
		};
/* End XCBuildConfiguration section */

/* Begin XCConfigurationList section */
		1D6058960D05DD3E006BFB54 /* Build configuration list for PBXNativeTarget "ATM Korea" */ = {
			isa = XCConfigurationList;
			buildConfigurations = (
				1D6058940D05DD3E006BFB54 /* Debug */,
				1D6058950D05DD3E006BFB54 /* Release */,
				19DB7470117749B800211360 /* Distribution */,
			);
			defaultConfigurationIsVisible = 0;
			defaultConfigurationName = Release;
		};
		C01FCF4E08A954540054247B /* Build configuration list for PBXProject "ATM Korea" */ = {
			isa = XCConfigurationList;
			buildConfigurations = (
				C01FCF4F08A954540054247B /* Debug */,
				C01FCF5008A954540054247B /* Release */,
				19DB746F117749B800211360 /* Distribution */,
			);
			defaultConfigurationIsVisible = 0;
			defaultConfigurationName = Release;
		};
/* End XCConfigurationList section */
	};
	rootObject = 29B97313FDCFA39411CA2CEA /* Project object */;
}
